// !$*UTF8*$!
{
	archiveVersion = 1;
	classes = {
	};
	objectVersion = 50;
	objects = {

/* Begin PBXBuildFile section */
		DBD8FDD625C6FC72009F9E0C /* AppDelegate.swift in Sources */ = {isa = PBXBuildFile; fileRef = DBD8FDD525C6FC72009F9E0C /* AppDelegate.swift */; };
		DBD8FDD825C6FC72009F9E0C /* SceneDelegate.swift in Sources */ = {isa = PBXBuildFile; fileRef = DBD8FDD725C6FC72009F9E0C /* SceneDelegate.swift */; };
		DBD8FDDA25C6FC72009F9E0C /* ViewController.swift in Sources */ = {isa = PBXBuildFile; fileRef = DBD8FDD925C6FC72009F9E0C /* ViewController.swift */; };
		DBD8FDDD25C6FC72009F9E0C /* Main.storyboard in Resources */ = {isa = PBXBuildFile; fileRef = DBD8FDDB25C6FC72009F9E0C /* Main.storyboard */; };
		DBD8FDDF25C6FC79009F9E0C /* Assets.xcassets in Resources */ = {isa = PBXBuildFile; fileRef = DBD8FDDE25C6FC79009F9E0C /* Assets.xcassets */; };
		DBD8FDE225C6FC79009F9E0C /* LaunchScreen.storyboard in Resources */ = {isa = PBXBuildFile; fileRef = DBD8FDE025C6FC79009F9E0C /* LaunchScreen.storyboard */; };
		DBD8FDEB25C6FD4A009F9E0C /* FancyButton.swift in Sources */ = {isa = PBXBuildFile; fileRef = DBD8FDEA25C6FD4A009F9E0C /* FancyButton.swift */; };
/* End PBXBuildFile section */

/* Begin PBXFileReference section */
		DBD8FDD225C6FC72009F9E0C /* FancyButtonApp.app */ = {isa = PBXFileReference; explicitFileType = wrapper.application; includeInIndex = 0; path = FancyButtonApp.app; sourceTree = BUILT_PRODUCTS_DIR; };
		DBD8FDD525C6FC72009F9E0C /* AppDelegate.swift */ = {isa = PBXFileReference; lastKnownFileType = sourcecode.swift; path = AppDelegate.swift; sourceTree = "<group>"; };
		DBD8FDD725C6FC72009F9E0C /* SceneDelegate.swift */ = {isa = PBXFileReference; lastKnownFileType = sourcecode.swift; path = SceneDelegate.swift; sourceTree = "<group>"; };
		DBD8FDD925C6FC72009F9E0C /* ViewController.swift */ = {isa = PBXFileReference; lastKnownFileType = sourcecode.swift; path = ViewController.swift; sourceTree = "<group>"; };
		DBD8FDDC25C6FC72009F9E0C /* Base */ = {isa = PBXFileReference; lastKnownFileType = file.storyboard; name = Base; path = Base.lproj/Main.storyboard; sourceTree = "<group>"; };
		DBD8FDDE25C6FC79009F9E0C /* Assets.xcassets */ = {isa = PBXFileReference; lastKnownFileType = folder.assetcatalog; path = Assets.xcassets; sourceTree = "<group>"; };
		DBD8FDE125C6FC79009F9E0C /* Base */ = {isa = PBXFileReference; lastKnownFileType = file.storyboard; name = Base; path = Base.lproj/LaunchScreen.storyboard; sourceTree = "<group>"; };
		DBD8FDE325C6FC79009F9E0C /* Info.plist */ = {isa = PBXFileReference; lastKnownFileType = text.plist.xml; path = Info.plist; sourceTree = "<group>"; };
		DBD8FDEA25C6FD4A009F9E0C /* FancyButton.swift */ = {isa = PBXFileReference; lastKnownFileType = sourcecode.swift; path = FancyButton.swift; sourceTree = "<group>"; };
/* End PBXFileReference section */

/* Begin PBXFrameworksBuildPhase section */
		DBD8FDCF25C6FC72009F9E0C /* Frameworks */ = {
			isa = PBXFrameworksBuildPhase;
			buildActionMask = 2147483647;
			files = (
			);
			runOnlyForDeploymentPostprocessing = 0;
		};
/* End PBXFrameworksBuildPhase section */

/* Begin PBXGroup section */
		DBD8FDC925C6FC72009F9E0C = {
			isa = PBXGroup;
			children = (
				DBD8FDD425C6FC72009F9E0C /* FancyButtonApp */,
				DBD8FDD325C6FC72009F9E0C /* Products */,
			);
			sourceTree = "<group>";
		};
		DBD8FDD325C6FC72009F9E0C /* Products */ = {
			isa = PBXGroup;
			children = (
				DBD8FDD225C6FC72009F9E0C /* FancyButtonApp.app */,
			);
			name = Products;
			sourceTree = "<group>";
		};
		DBD8FDD425C6FC72009F9E0C /* FancyButtonApp */ = {
			isa = PBXGroup;
			children = (
				DBD8FDD525C6FC72009F9E0C /* AppDelegate.swift */,
				DBD8FDD725C6FC72009F9E0C /* SceneDelegate.swift */,
				DBD8FDD925C6FC72009F9E0C /* ViewController.swift */,
				DBD8FDEA25C6FD4A009F9E0C /* FancyButton.swift */,
				DBD8FDDB25C6FC72009F9E0C /* Main.storyboard */,
				DBD8FDDE25C6FC79009F9E0C /* Assets.xcassets */,
				DBD8FDE025C6FC79009F9E0C /* LaunchScreen.storyboard */,
				DBD8FDE325C6FC79009F9E0C /* Info.plist */,
			);
			path = FancyButtonApp;
			sourceTree = "<group>";
		};
/* End PBXGroup section */

/* Begin PBXNativeTarget section */
		DBD8FDD125C6FC72009F9E0C /* FancyButtonApp */ = {
			isa = PBXNativeTarget;
			buildConfigurationList = DBD8FDE625C6FC79009F9E0C /* Build configuration list for PBXNativeTarget "FancyButtonApp" */;
			buildPhases = (
				DBD8FDCE25C6FC72009F9E0C /* Sources */,
				DBD8FDCF25C6FC72009F9E0C /* Frameworks */,
				DBD8FDD025C6FC72009F9E0C /* Resources */,
			);
			buildRules = (
			);
			dependencies = (
			);
			name = FancyButtonApp;
			productName = FancyButtonApp;
			productReference = DBD8FDD225C6FC72009F9E0C /* FancyButtonApp.app */;
			productType = "com.apple.product-type.application";
		};
/* End PBXNativeTarget section */

/* Begin PBXProject section */
		DBD8FDCA25C6FC72009F9E0C /* Project object */ = {
			isa = PBXProject;
			attributes = {
				LastSwiftUpdateCheck = 1230;
				LastUpgradeCheck = 1230;
				TargetAttributes = {
					DBD8FDD125C6FC72009F9E0C = {
						CreatedOnToolsVersion = 12.3;
					};
				};
			};
			buildConfigurationList = DBD8FDCD25C6FC72009F9E0C /* Build configuration list for PBXProject "FancyButtonApp" */;
			compatibilityVersion = "Xcode 9.3";
			developmentRegion = en;
			hasScannedForEncodings = 0;
			knownRegions = (
				en,
				Base,
			);
			mainGroup = DBD8FDC925C6FC72009F9E0C;
			productRefGroup = DBD8FDD325C6FC72009F9E0C /* Products */;
			projectDirPath = "";
			projectRoot = "";
			targets = (
				DBD8FDD125C6FC72009F9E0C /* FancyButtonApp */,
			);
		};
/* End PBXProject section */

/* Begin PBXResourcesBuildPhase section */
		DBD8FDD025C6FC72009F9E0C /* Resources */ = {
			isa = PBXResourcesBuildPhase;
			buildActionMask = 2147483647;
			files = (
				DBD8FDE225C6FC79009F9E0C /* LaunchScreen.storyboard in Resources */,
				DBD8FDDF25C6FC79009F9E0C /* Assets.xcassets in Resources */,
				DBD8FDDD25C6FC72009F9E0C /* Main.storyboard in Resources */,
			);
			runOnlyForDeploymentPostprocessing = 0;
		};
/* End PBXResourcesBuildPhase section */

/* Begin PBXSourcesBuildPhase section */
		DBD8FDCE25C6FC72009F9E0C /* Sources */ = {
			isa = PBXSourcesBuildPhase;
			buildActionMask = 2147483647;
			files = (
				DBD8FDDA25C6FC72009F9E0C /* ViewController.swift in Sources */,
				DBD8FDEB25C6FD4A009F9E0C /* FancyButton.swift in Sources */,
				DBD8FDD625C6FC72009F9E0C /* AppDelegate.swift in Sources */,
				DBD8FDD825C6FC72009F9E0C /* SceneDelegate.swift in Sources */,
			);
			runOnlyForDeploymentPostprocessing = 0;
		};
/* End PBXSourcesBuildPhase section */

/* Begin PBXVariantGroup section */
		DBD8FDDB25C6FC72009F9E0C /* Main.storyboard */ = {
			isa = PBXVariantGroup;
			children = (
				DBD8FDDC25C6FC72009F9E0C /* Base */,
			);
			name = Main.storyboard;
			sourceTree = "<group>";
		};
		DBD8FDE025C6FC79009F9E0C /* LaunchScreen.storyboard */ = {
			isa = PBXVariantGroup;
			children = (
				DBD8FDE125C6FC79009F9E0C /* Base */,
			);
			name = LaunchScreen.storyboard;
			sourceTree = "<group>";
		};
/* End PBXVariantGroup section */

/* Begin XCBuildConfiguration section */
		DBD8FDE425C6FC79009F9E0C /* Debug */ = {
			isa = XCBuildConfiguration;
			buildSettings = {
				ALWAYS_SEARCH_USER_PATHS = NO;
				CLANG_ANALYZER_NONNULL = YES;
				CLANG_ANALYZER_NUMBER_OBJECT_CONVERSION = YES_AGGRESSIVE;
				CLANG_CXX_LANGUAGE_STANDARD = "gnu++14";
				CLANG_CXX_LIBRARY = "libc++";
				CLANG_ENABLE_MODULES = YES;
				CLANG_ENABLE_OBJC_ARC = YES;
				CLANG_ENABLE_OBJC_WEAK = YES;
				CLANG_WARN_BLOCK_CAPTURE_AUTORELEASING = YES;
				CLANG_WARN_BOOL_CONVERSION = YES;
				CLANG_WARN_COMMA = YES;
				CLANG_WARN_CONSTANT_CONVERSION = YES;
				CLANG_WARN_DEPRECATED_OBJC_IMPLEMENTATIONS = YES;
				CLANG_WARN_DIRECT_OBJC_ISA_USAGE = YES_ERROR;
				CLANG_WARN_DOCUMENTATION_COMMENTS = YES;
				CLANG_WARN_EMPTY_BODY = YES;
				CLANG_WARN_ENUM_CONVERSION = YES;
				CLANG_WARN_INFINITE_RECURSION = YES;
				CLANG_WARN_INT_CONVERSION = YES;
				CLANG_WARN_NON_LITERAL_NULL_CONVERSION = YES;
				CLANG_WARN_OBJC_IMPLICIT_RETAIN_SELF = YES;
				CLANG_WARN_OBJC_LITERAL_CONVERSION = YES;
				CLANG_WARN_OBJC_ROOT_CLASS = YES_ERROR;
				CLANG_WARN_QUOTED_INCLUDE_IN_FRAMEWORK_HEADER = YES;
				CLANG_WARN_RANGE_LOOP_ANALYSIS = YES;
				CLANG_WARN_STRICT_PROTOTYPES = YES;
				CLANG_WARN_SUSPICIOUS_MOVE = YES;
				CLANG_WARN_UNGUARDED_AVAILABILITY = YES_AGGRESSIVE;
				CLANG_WARN_UNREACHABLE_CODE = YES;
				CLANG_WARN__DUPLICATE_METHOD_MATCH = YES;
				COPY_PHASE_STRIP = NO;
				DEBUG_INFORMATION_FORMAT = dwarf;
				ENABLE_STRICT_OBJC_MSGSEND = YES;
				ENABLE_TESTABILITY = YES;
				GCC_C_LANGUAGE_STANDARD = gnu11;
				GCC_DYNAMIC_NO_PIC = NO;
				GCC_NO_COMMON_BLOCKS = YES;
				GCC_OPTIMIZATION_LEVEL = 0;
				GCC_PREPROCESSOR_DEFINITIONS = (
					"DEBUG=1",
					"$(inherited)",
				);
				GCC_WARN_64_TO_32_BIT_CONVERSION = YES;
				GCC_WARN_ABOUT_RETURN_TYPE = YES_ERROR;
				GCC_WARN_UNDECLARED_SELECTOR = YES;
				GCC_WARN_UNINITIALIZED_AUTOS = YES_AGGRESSIVE;
				GCC_WARN_UNUSED_FUNCTION = YES;
				GCC_WARN_UNUSED_VARIABLE = YES;
				IPHONEOS_DEPLOYMENT_TARGET = 14.3;
				MTL_ENABLE_DEBUG_INFO = INCLUDE_SOURCE;
				MTL_FAST_MATH = YES;
				ONLY_ACTIVE_ARCH = YES;
				SDKROOT = iphoneos;
				SWIFT_ACTIVE_COMPILATION_CONDITIONS = DEBUG;
				SWIFT_OPTIMIZATION_LEVEL = "-Onone";
			};
			name = Debug;
		};
		DBD8FDE525C6FC79009F9E0C /* Release */ = {
			isa = XCBuildConfiguration;
			buildSettings = {
				ALWAYS_SEARCH_USER_PATHS = NO;
				CLANG_ANALYZER_NONNULL = YES;
				CLANG_ANALYZER_NUMBER_OBJECT_CONVERSION = YES_AGGRESSIVE;
				CLANG_CXX_LANGUAGE_STANDARD = "gnu++14";
				CLANG_CXX_LIBRARY = "libc++";
				CLANG_ENABLE_MODULES = YES;
				CLANG_ENABLE_OBJC_ARC = YES;
				CLANG_ENABLE_OBJC_WEAK = YES;
				CLANG_WARN_BLOCK_CAPTURE_AUTORELEASING = YES;
				CLANG_WARN_BOOL_CONVERSION = YES;
				CLANG_WARN_COMMA = YES;
				CLANG_WARN_CONSTANT_CONVERSION = YES;
				CLANG_WARN_DEPRECATED_OBJC_IMPLEMENTATIONS = YES;
				CLANG_WARN_DIRECT_OBJC_ISA_USAGE = YES_ERROR;
				CLANG_WARN_DOCUMENTATION_COMMENTS = YES;
				CLANG_WARN_EMPTY_BODY = YES;
				CLANG_WARN_ENUM_CONVERSION = YES;
				CLANG_WARN_INFINITE_RECURSION = YES;
				CLANG_WARN_INT_CONVERSION = YES;
				CLANG_WARN_NON_LITERAL_NULL_CONVERSION = YES;
				CLANG_WARN_OBJC_IMPLICIT_RETAIN_SELF = YES;
				CLANG_WARN_OBJC_LITERAL_CONVERSION = YES;
				CLANG_WARN_OBJC_ROOT_CLASS = YES_ERROR;
				CLANG_WARN_QUOTED_INCLUDE_IN_FRAMEWORK_HEADER = YES;
				CLANG_WARN_RANGE_LOOP_ANALYSIS = YES;
				CLANG_WARN_STRICT_PROTOTYPES = YES;
				CLANG_WARN_SUSPICIOUS_MOVE = YES;
				CLANG_WARN_UNGUARDED_AVAILABILITY = YES_AGGRESSIVE;
				CLANG_WARN_UNREACHABLE_CODE = YES;
				CLANG_WARN__DUPLICATE_METHOD_MATCH = YES;
				COPY_PHASE_STRIP = NO;
				DEBUG_INFORMATION_FORMAT = "dwarf-with-dsym";
				ENABLE_NS_ASSERTIONS = NO;
				ENABLE_STRICT_OBJC_MSGSEND = YES;
				GCC_C_LANGUAGE_STANDARD = gnu11;
				GCC_NO_COMMON_BLOCKS = YES;
				GCC_WARN_64_TO_32_BIT_CONVERSION = YES;
				GCC_WARN_ABOUT_RETURN_TYPE = YES_ERROR;
				GCC_WARN_UNDECLARED_SELECTOR = YES;
				GCC_WARN_UNINITIALIZED_AUTOS = YES_AGGRESSIVE;
				GCC_WARN_UNUSED_FUNCTION = YES;
				GCC_WARN_UNUSED_VARIABLE = YES;
				IPHONEOS_DEPLOYMENT_TARGET = 14.3;
				MTL_ENABLE_DEBUG_INFO = NO;
				MTL_FAST_MATH = YES;
				SDKROOT = iphoneos;
				SWIFT_COMPILATION_MODE = wholemodule;
				SWIFT_OPTIMIZATION_LEVEL = "-O";
				VALIDATE_PRODUCT = YES;
			};
			name = Release;
		};
		DBD8FDE725C6FC79009F9E0C /* Debug */ = {
			isa = XCBuildConfiguration;
			buildSettings = {
				ASSETCATALOG_COMPILER_APPICON_NAME = AppIcon;
				ASSETCATALOG_COMPILER_GLOBAL_ACCENT_COLOR_NAME = AccentColor;
				CODE_SIGN_STYLE = Automatic;
				DEVELOPMENT_TEAM = 57N35P6574;
				INFOPLIST_FILE = FancyButtonApp/Info.plist;
				LD_RUNPATH_SEARCH_PATHS = (
					"$(inherited)",
					"@executable_path/Frameworks",
				);
				PRODUCT_BUNDLE_IDENTIFIER = ru.hse.cs.se.FancyButtonApp;
				PRODUCT_NAME = "$(TARGET_NAME)";
				SWIFT_VERSION = 5.0;
				TARGETED_DEVICE_FAMILY = "1,2";
			};
			name = Debug;
		};
		DBD8FDE825C6FC79009F9E0C /* Release */ = {
			isa = XCBuildConfiguration;
			buildSettings = {
				ASSETCATALOG_COMPILER_APPICON_NAME = AppIcon;
				ASSETCATALOG_COMPILER_GLOBAL_ACCENT_COLOR_NAME = AccentColor;
				CODE_SIGN_STYLE = Automatic;
				DEVELOPMENT_TEAM = 57N35P6574;
				INFOPLIST_FILE = FancyButtonApp/Info.plist;
				LD_RUNPATH_SEARCH_PATHS = (
					"$(inherited)",
					"@executable_path/Frameworks",
				);
				PRODUCT_BUNDLE_IDENTIFIER = ru.hse.cs.se.FancyButtonApp;
				PRODUCT_NAME = "$(TARGET_NAME)";
				SWIFT_VERSION = 5.0;
				TARGETED_DEVICE_FAMILY = "1,2";
			};
			name = Release;
		};
/* End XCBuildConfiguration section */

/* Begin XCConfigurationList section */
		DBD8FDCD25C6FC72009F9E0C /* Build configuration list for PBXProject "FancyButtonApp" */ = {
			isa = XCConfigurationList;
			buildConfigurations = (
				DBD8FDE425C6FC79009F9E0C /* Debug */,
				DBD8FDE525C6FC79009F9E0C /* Release */,
			);
			defaultConfigurationIsVisible = 0;
			defaultConfigurationName = Release;
		};
		DBD8FDE625C6FC79009F9E0C /* Build configuration list for PBXNativeTarget "FancyButtonApp" */ = {
			isa = XCConfigurationList;
			buildConfigurations = (
				DBD8FDE725C6FC79009F9E0C /* Debug */,
				DBD8FDE825C6FC79009F9E0C /* Release */,
			);
			defaultConfigurationIsVisible = 0;
			defaultConfigurationName = Release;
		};
/* End XCConfigurationList section */
	};
	rootObject = DBD8FDCA25C6FC72009F9E0C /* Project object */;
}
